
Microsoft Visual Studio Solution File, Format Version 12.00
# Visual Studio Version 16
VisualStudioVersion = 16.0.28805.205
MinimumVisualStudioVersion = 10.0.40219.1
Project("{FAE04EC0-301F-11D3-BF4B-00C04F79EFBC}") = "CarCare", "CarCare\CarCare.csproj", "{D3DA54BD-4245-460F-92CD-612D97A45566}"
EndProject
Global
	GlobalSection(SolutionConfigurationPlatforms) = preSolution
		Debug|Any CPU = Debug|Any CPU
		Release|Any CPU = Release|Any CPU
	EndGlobalSection
	GlobalSection(ProjectConfigurationPlatforms) = postSolution
		{D3DA54BD-4245-460F-92CD-612D97A45566}.Debug|Any CPU.ActiveCfg = Debug|Any CPU
		{D3DA54BD-4245-460F-92CD-612D97A45566}.Debug|Any CPU.Build.0 = Debug|Any CPU
		{D3DA54BD-4245-460F-92CD-612D97A45566}.Release|Any CPU.ActiveCfg = Release|Any CPU
		{D3DA54BD-4245-460F-92CD-612D97A45566}.Release|Any CPU.Build.0 = Release|Any CPU
	EndGlobalSection
	GlobalSection(SolutionProperties) = preSolution
		HideSolutionNode = FALSE
	EndGlobalSection
	GlobalSection(ExtensibilityGlobals) = postSolution
		SolutionGuid = {A259A652-42D5-4233-A08A-4CC9F2561BFA}
	EndGlobalSection
EndGlobal
